
Microsoft Visual Studio Solution File, Format Version 12.00
# Visual Studio Version 18
VisualStudioVersion = 18.3.11520.95 d18.3
MinimumVisualStudioVersion = 10.0.40219.1
EndProject
Project("{FAE04EC0-301F-11D3-BF4B-00C04F79EFBC}") = "PharmacyApp.Domain", "src\PharmacyApp.Domain\PharmacyApp.Domain.csproj", "{4B9099F7-2A2F-455C-922B-74CAC52C2442}"
EndProject
Project("{FAE04EC0-301F-11D3-BF4B-00C04F79EFBC}") = "PharmacyApp.Application", "src\PharmacyApp.Application\PharmacyApp.Application.csproj", "{6503C8D0-8E82-45BC-8940-4DDFF0143B73}"
EndProject
Project("{FAE04EC0-301F-11D3-BF4B-00C04F79EFBC}") = "PharmacyApp.Infrastructure", "src\PharmacyApp.Infrastructure\PharmacyApp.Infrastructure.csproj", "{A84406F4-2192-4548-BB4D-93CAC78C0E0E}"
EndProject
Project("{FAE04EC0-301F-11D3-BF4B-00C04F79EFBC}") = "PharmacyApp.WebApi", "src\PharmacyApp.WebApi\PharmacyApp.WebApi.csproj", "{2571947D-03B2-46CC-8035-C92F9D0C2B76}"
	ProjectSection(ProjectDependencies) = postProject
		{81480A9B-8B50-448D-B991-6B56B25AB3BD} = {81480A9B-8B50-448D-B991-6B56B25AB3BD}
	EndProjectSection
EndProject
Project("{FAE04EC0-301F-11D3-BF4B-00C04F79EFBC}") = "PharmacyApp.Presentation", "src\PharmacyApp.Presentation\PharmacyApp.Presentation.csproj", "{81480A9B-8B50-448D-B991-6B56B25AB3BD}"
EndProject
Project("{E53339B2-1760-4266-BCC7-CA923CBCF16C}") = "docker-compose", "docker-compose.dcproj", "{81DDED9D-158B-E303-5F62-77A2896D2A5A}"
EndProject
Project("{2150E333-8FDC-42A3-9474-1A3956D46DE8}") = "Solution Items", "Solution Items", "{9F6C8734-3C24-4EFF-94A5-9677398FB78E}"
	ProjectSection(SolutionItems) = preProject
		.gitignore = .gitignore
		README.MD = README.MD
	EndProjectSection
EndProject
Global
	GlobalSection(SolutionConfigurationPlatforms) = preSolution
		Debug|Any CPU = Debug|Any CPU
		Release|Any CPU = Release|Any CPU
	EndGlobalSection
	GlobalSection(ProjectConfigurationPlatforms) = postSolution
		{4B9099F7-2A2F-455C-922B-74CAC52C2442}.Debug|Any CPU.ActiveCfg = Debug|Any CPU
		{4B9099F7-2A2F-455C-922B-74CAC52C2442}.Debug|Any CPU.Build.0 = Debug|Any CPU
		{4B9099F7-2A2F-455C-922B-74CAC52C2442}.Release|Any CPU.ActiveCfg = Release|Any CPU
		{4B9099F7-2A2F-455C-922B-74CAC52C2442}.Release|Any CPU.Build.0 = Release|Any CPU
		{6503C8D0-8E82-45BC-8940-4DDFF0143B73}.Debug|Any CPU.ActiveCfg = Debug|Any CPU
		{6503C8D0-8E82-45BC-8940-4DDFF0143B73}.Debug|Any CPU.Build.0 = Debug|Any CPU
		{6503C8D0-8E82-45BC-8940-4DDFF0143B73}.Release|Any CPU.ActiveCfg = Release|Any CPU
		{6503C8D0-8E82-45BC-8940-4DDFF0143B73}.Release|Any CPU.Build.0 = Release|Any CPU
		{A84406F4-2192-4548-BB4D-93CAC78C0E0E}.Debug|Any CPU.ActiveCfg = Debug|Any CPU
		{A84406F4-2192-4548-BB4D-93CAC78C0E0E}.Debug|Any CPU.Build.0 = Debug|Any CPU
		{A84406F4-2192-4548-BB4D-93CAC78C0E0E}.Release|Any CPU.ActiveCfg = Release|Any CPU
		{A84406F4-2192-4548-BB4D-93CAC78C0E0E}.Release|Any CPU.Build.0 = Release|Any CPU
		{2571947D-03B2-46CC-8035-C92F9D0C2B76}.Debug|Any CPU.ActiveCfg = Debug|Any CPU
		{2571947D-03B2-46CC-8035-C92F9D0C2B76}.Debug|Any CPU.Build.0 = Debug|Any CPU
		{2571947D-03B2-46CC-8035-C92F9D0C2B76}.Release|Any CPU.ActiveCfg = Release|Any CPU
		{2571947D-03B2-46CC-8035-C92F9D0C2B76}.Release|Any CPU.Build.0 = Release|Any CPU
		{81480A9B-8B50-448D-B991-6B56B25AB3BD}.Debug|Any CPU.ActiveCfg = Debug|Any CPU
		{81480A9B-8B50-448D-B991-6B56B25AB3BD}.Debug|Any CPU.Build.0 = Debug|Any CPU
		{81480A9B-8B50-448D-B991-6B56B25AB3BD}.Release|Any CPU.ActiveCfg = Release|Any CPU
		{81480A9B-8B50-448D-B991-6B56B25AB3BD}.Release|Any CPU.Build.0 = Release|Any CPU
		{81DDED9D-158B-E303-5F62-77A2896D2A5A}.Debug|Any CPU.ActiveCfg = Debug|Any CPU
		{81DDED9D-158B-E303-5F62-77A2896D2A5A}.Debug|Any CPU.Build.0 = Debug|Any CPU
		{81DDED9D-158B-E303-5F62-77A2896D2A5A}.Release|Any CPU.ActiveCfg = Release|Any CPU
		{81DDED9D-158B-E303-5F62-77A2896D2A5A}.Release|Any CPU.Build.0 = Release|Any CPU
	EndGlobalSection
	GlobalSection(SolutionProperties) = preSolution
		HideSolutionNode = FALSE
	EndGlobalSection
	GlobalSection(NestedProjects) = preSolution
		{4B9099F7-2A2F-455C-922B-74CAC52C2442} = {02EA681E-C7D8-13C7-8484-4AC65E1B71E8}
		{6503C8D0-8E82-45BC-8940-4DDFF0143B73} = {02EA681E-C7D8-13C7-8484-4AC65E1B71E8}
		{A84406F4-2192-4548-BB4D-93CAC78C0E0E} = {02EA681E-C7D8-13C7-8484-4AC65E1B71E8}
		{2571947D-03B2-46CC-8035-C92F9D0C2B76} = {02EA681E-C7D8-13C7-8484-4AC65E1B71E8}
		{81480A9B-8B50-448D-B991-6B56B25AB3BD} = {02EA681E-C7D8-13C7-8484-4AC65E1B71E8}
	EndGlobalSection
	GlobalSection(ExtensibilityGlobals) = postSolution
		SolutionGuid = {25B39C82-E6AD-4C76-B45D-4FADBD755E41}
	EndGlobalSection
EndGlobal
